
Microsoft Visual Studio Solution File, Format Version 12.00
# Visual Studio Version 17
VisualStudioVersion = 17.8.34316.72
MinimumVisualStudioVersion = 10.0.40219.1
Project("{FAE04EC0-301F-11D3-BF4B-00C04F79EFBC}") = "GroupSpace2023", "GroupSpace2023.csproj", "{D2B66783-EAFB-4D4C-A9E0-E70ACA813B6C}"
EndProject
Global
	GlobalSection(SolutionConfigurationPlatforms) = preSolution
		Debug|Any CPU = Debug|Any CPU
		Release|Any CPU = Release|Any CPU
	EndGlobalSection
	GlobalSection(ProjectConfigurationPlatforms) = postSolution
		{D2B66783-EAFB-4D4C-A9E0-E70ACA813B6C}.Debug|Any CPU.ActiveCfg = Debug|Any CPU
		{D2B66783-EAFB-4D4C-A9E0-E70ACA813B6C}.Debug|Any CPU.Build.0 = Debug|Any CPU
		{D2B66783-EAFB-4D4C-A9E0-E70ACA813B6C}.Release|Any CPU.ActiveCfg = Release|Any CPU
		{D2B66783-EAFB-4D4C-A9E0-E70ACA813B6C}.Release|Any CPU.Build.0 = Release|Any CPU
	EndGlobalSection
	GlobalSection(SolutionProperties) = preSolution
		HideSolutionNode = FALSE
	EndGlobalSection
	GlobalSection(ExtensibilityGlobals) = postSolution
		SolutionGuid = {34866EB9-8E89-4CB7-8F06-684638DBDD9F}
	EndGlobalSection
EndGlobal
